
Microsoft Visual Studio Solution File, Format Version 12.00
# Visual Studio Version 17
VisualStudioVersion = 17.14.36511.14
MinimumVisualStudioVersion = 10.0.40219.1
Project("{2150E333-8FDC-42A3-9474-1A3956D46DE8}") = "src", "src", "{02EA681E-C7D8-13C7-8484-4AC65E1B71E8}"
EndProject
Project("{2150E333-8FDC-42A3-9474-1A3956D46DE8}") = "Core", "Core", "{52667CBE-95EB-48CD-8013-79BFED864BE8}"
EndProject
Project("{2150E333-8FDC-42A3-9474-1A3956D46DE8}") = "Infrastructure", "Infrastructure", "{DCFF2F4C-C5E2-4C05-BB84-871005AEC5AC}"
EndProject
Project("{2150E333-8FDC-42A3-9474-1A3956D46DE8}") = "WebAPI", "WebAPI", "{C97D7B0A-FF18-40E0-BB7F-4B7509EC2408}"
EndProject
Project("{FAE04EC0-301F-11D3-BF4B-00C04F79EFBC}") = "VocabAI_API.Domain", "src\Core\VocabAI_API.Domain\VocabAI_API.Domain.csproj", "{8B76FA7C-C48C-4A46-A5FF-D957547C192B}"
EndProject
Project("{FAE04EC0-301F-11D3-BF4B-00C04F79EFBC}") = "VocabAI_API.Application", "src\Core\VocabAI_API.Application\VocabAI_API.Application.csproj", "{42229F02-5154-4DFE-9A8D-294901C303C5}"
	ProjectSection(ProjectDependencies) = postProject
		{8B76FA7C-C48C-4A46-A5FF-D957547C192B} = {8B76FA7C-C48C-4A46-A5FF-D957547C192B}
	EndProjectSection
EndProject
Project("{FAE04EC0-301F-11D3-BF4B-00C04F79EFBC}") = "VocabAI_API.Persistence", "src\Infrastructure\VocabAI_API.Persistence\VocabAI_API.Persistence.csproj", "{CDBE2C0E-40E8-468B-B71E-287B0CDBD487}"
	ProjectSection(ProjectDependencies) = postProject
		{42229F02-5154-4DFE-9A8D-294901C303C5} = {42229F02-5154-4DFE-9A8D-294901C303C5}
		{8B76FA7C-C48C-4A46-A5FF-D957547C192B} = {8B76FA7C-C48C-4A46-A5FF-D957547C192B}
	EndProjectSection
EndProject
Project("{FAE04EC0-301F-11D3-BF4B-00C04F79EFBC}") = "VocabAI_API.Presentation", "src\WebAPI\VocabAI_API.Presentation\VocabAI_API.Presentation.csproj", "{6CE7B843-0B78-40B7-AB55-560573CBBF8F}"
	ProjectSection(ProjectDependencies) = postProject
		{42229F02-5154-4DFE-9A8D-294901C303C5} = {42229F02-5154-4DFE-9A8D-294901C303C5}
		{8B76FA7C-C48C-4A46-A5FF-D957547C192B} = {8B76FA7C-C48C-4A46-A5FF-D957547C192B}
		{CDBE2C0E-40E8-468B-B71E-287B0CDBD487} = {CDBE2C0E-40E8-468B-B71E-287B0CDBD487}
	EndProjectSection
EndProject
Global
	GlobalSection(SolutionConfigurationPlatforms) = preSolution
		Debug|Any CPU = Debug|Any CPU
		Release|Any CPU = Release|Any CPU
	EndGlobalSection
	GlobalSection(ProjectConfigurationPlatforms) = postSolution
		{8B76FA7C-C48C-4A46-A5FF-D957547C192B}.Debug|Any CPU.ActiveCfg = Debug|Any CPU
		{8B76FA7C-C48C-4A46-A5FF-D957547C192B}.Debug|Any CPU.Build.0 = Debug|Any CPU
		{8B76FA7C-C48C-4A46-A5FF-D957547C192B}.Release|Any CPU.ActiveCfg = Release|Any CPU
		{8B76FA7C-C48C-4A46-A5FF-D957547C192B}.Release|Any CPU.Build.0 = Release|Any CPU
		{42229F02-5154-4DFE-9A8D-294901C303C5}.Debug|Any CPU.ActiveCfg = Debug|Any CPU
		{42229F02-5154-4DFE-9A8D-294901C303C5}.Debug|Any CPU.Build.0 = Debug|Any CPU
		{42229F02-5154-4DFE-9A8D-294901C303C5}.Release|Any CPU.ActiveCfg = Release|Any CPU
		{42229F02-5154-4DFE-9A8D-294901C303C5}.Release|Any CPU.Build.0 = Release|Any CPU
		{CDBE2C0E-40E8-468B-B71E-287B0CDBD487}.Debug|Any CPU.ActiveCfg = Debug|Any CPU
		{CDBE2C0E-40E8-468B-B71E-287B0CDBD487}.Debug|Any CPU.Build.0 = Debug|Any CPU
		{CDBE2C0E-40E8-468B-B71E-287B0CDBD487}.Release|Any CPU.ActiveCfg = Release|Any CPU
		{CDBE2C0E-40E8-468B-B71E-287B0CDBD487}.Release|Any CPU.Build.0 = Release|Any CPU
		{6CE7B843-0B78-40B7-AB55-560573CBBF8F}.Debug|Any CPU.ActiveCfg = Debug|Any CPU
		{6CE7B843-0B78-40B7-AB55-560573CBBF8F}.Debug|Any CPU.Build.0 = Debug|Any CPU
		{6CE7B843-0B78-40B7-AB55-560573CBBF8F}.Release|Any CPU.ActiveCfg = Release|Any CPU
		{6CE7B843-0B78-40B7-AB55-560573CBBF8F}.Release|Any CPU.Build.0 = Release|Any CPU
	EndGlobalSection
	GlobalSection(SolutionProperties) = preSolution
		HideSolutionNode = FALSE
	EndGlobalSection
	GlobalSection(NestedProjects) = preSolution
		{52667CBE-95EB-48CD-8013-79BFED864BE8} = {02EA681E-C7D8-13C7-8484-4AC65E1B71E8}
		{DCFF2F4C-C5E2-4C05-BB84-871005AEC5AC} = {02EA681E-C7D8-13C7-8484-4AC65E1B71E8}
		{C97D7B0A-FF18-40E0-BB7F-4B7509EC2408} = {02EA681E-C7D8-13C7-8484-4AC65E1B71E8}
		{8B76FA7C-C48C-4A46-A5FF-D957547C192B} = {52667CBE-95EB-48CD-8013-79BFED864BE8}
		{42229F02-5154-4DFE-9A8D-294901C303C5} = {52667CBE-95EB-48CD-8013-79BFED864BE8}
		{CDBE2C0E-40E8-468B-B71E-287B0CDBD487} = {DCFF2F4C-C5E2-4C05-BB84-871005AEC5AC}
		{6CE7B843-0B78-40B7-AB55-560573CBBF8F} = {C97D7B0A-FF18-40E0-BB7F-4B7509EC2408}
	EndGlobalSection
	GlobalSection(ExtensibilityGlobals) = postSolution
		SolutionGuid = {3726408B-8D1F-4092-8C68-77BDDC9EC0D5}
	EndGlobalSection
EndGlobal
